
Microsoft Visual Studio Solution File, Format Version 12.00
# Visual Studio Version 17
VisualStudioVersion = 17.10.35122.118
MinimumVisualStudioVersion = 10.0.40219.1
Project("{FAE04EC0-301F-11D3-BF4B-00C04F79EFBC}") = "ConsoleApp3", "ConsoleApp3\ConsoleApp3.csproj", "{96032F61-FC22-4366-98EA-00A8247406BE}"
EndProject
Global
	GlobalSection(SolutionConfigurationPlatforms) = preSolution
		Debug|Any CPU = Debug|Any CPU
		Release|Any CPU = Release|Any CPU
	EndGlobalSection
	GlobalSection(ProjectConfigurationPlatforms) = postSolution
		{96032F61-FC22-4366-98EA-00A8247406BE}.Debug|Any CPU.ActiveCfg = Debug|Any CPU
		{96032F61-FC22-4366-98EA-00A8247406BE}.Debug|Any CPU.Build.0 = Debug|Any CPU
		{96032F61-FC22-4366-98EA-00A8247406BE}.Release|Any CPU.ActiveCfg = Release|Any CPU
		{96032F61-FC22-4366-98EA-00A8247406BE}.Release|Any CPU.Build.0 = Release|Any CPU
	EndGlobalSection
	GlobalSection(SolutionProperties) = preSolution
		HideSolutionNode = FALSE
	EndGlobalSection
	GlobalSection(ExtensibilityGlobals) = postSolution
		SolutionGuid = {D6867609-86E1-4DD7-800B-9122B0063106}
	EndGlobalSection
EndGlobal
